
Microsoft Visual Studio Solution File, Format Version 12.00
# Visual Studio Version 17
VisualStudioVersion = 17.3.32922.545
MinimumVisualStudioVersion = 10.0.40219.1
Project("{FAE04EC0-301F-11D3-BF4B-00C04F79EFBC}") = "gRPC API", "gRPC API\gRPC API.csproj", "{7CCB1D99-7DDF-4F6B-A7DF-D142591EC746}"
EndProject
Project("{FAE04EC0-301F-11D3-BF4B-00C04F79EFBC}") = "gRPC.Tests", "gRPC.Tests\gRPC.Tests.csproj", "{3261CD3C-16C1-4ADF-B352-0EFA81966815}"
EndProject
Global
	GlobalSection(SolutionConfigurationPlatforms) = preSolution
		Debug|Any CPU = Debug|Any CPU
		Release|Any CPU = Release|Any CPU
	EndGlobalSection
	GlobalSection(ProjectConfigurationPlatforms) = postSolution
		{7CCB1D99-7DDF-4F6B-A7DF-D142591EC746}.Debug|Any CPU.ActiveCfg = Debug|Any CPU
		{7CCB1D99-7DDF-4F6B-A7DF-D142591EC746}.Debug|Any CPU.Build.0 = Debug|Any CPU
		{7CCB1D99-7DDF-4F6B-A7DF-D142591EC746}.Release|Any CPU.ActiveCfg = Release|Any CPU
		{7CCB1D99-7DDF-4F6B-A7DF-D142591EC746}.Release|Any CPU.Build.0 = Release|Any CPU
		{3261CD3C-16C1-4ADF-B352-0EFA81966815}.Debug|Any CPU.ActiveCfg = Debug|Any CPU
		{3261CD3C-16C1-4ADF-B352-0EFA81966815}.Debug|Any CPU.Build.0 = Debug|Any CPU
		{3261CD3C-16C1-4ADF-B352-0EFA81966815}.Release|Any CPU.ActiveCfg = Release|Any CPU
		{3261CD3C-16C1-4ADF-B352-0EFA81966815}.Release|Any CPU.Build.0 = Release|Any CPU
	EndGlobalSection
	GlobalSection(SolutionProperties) = preSolution
		HideSolutionNode = FALSE
	EndGlobalSection
	GlobalSection(ExtensibilityGlobals) = postSolution
		SolutionGuid = {80873DF7-EEE1-46F9-A0D1-81D53EB293B4}
	EndGlobalSection
EndGlobal
